
Microsoft Visual Studio Solution File, Format Version 12.00
# Visual Studio Version 17
VisualStudioVersion = 17.9.34728.123
MinimumVisualStudioVersion = 10.0.40219.1
Project("{FAE04EC0-301F-11D3-BF4B-00C04F79EFBC}") = "ASPnet-3-MVC", "ASPnet-3-MVC\ASPnet-3-MVC.csproj", "{047CE938-A3F3-4343-B26E-450A6E41D82B}"
EndProject
Global
	GlobalSection(SolutionConfigurationPlatforms) = preSolution
		Debug|Any CPU = Debug|Any CPU
		Release|Any CPU = Release|Any CPU
	EndGlobalSection
	GlobalSection(ProjectConfigurationPlatforms) = postSolution
		{047CE938-A3F3-4343-B26E-450A6E41D82B}.Debug|Any CPU.ActiveCfg = Debug|Any CPU
		{047CE938-A3F3-4343-B26E-450A6E41D82B}.Debug|Any CPU.Build.0 = Debug|Any CPU
		{047CE938-A3F3-4343-B26E-450A6E41D82B}.Release|Any CPU.ActiveCfg = Release|Any CPU
		{047CE938-A3F3-4343-B26E-450A6E41D82B}.Release|Any CPU.Build.0 = Release|Any CPU
	EndGlobalSection
	GlobalSection(SolutionProperties) = preSolution
		HideSolutionNode = FALSE
	EndGlobalSection
	GlobalSection(ExtensibilityGlobals) = postSolution
		SolutionGuid = {F2B03A29-5A7C-4E84-94C4-9889F6A8BACE}
	EndGlobalSection
EndGlobal
